
Microsoft Visual Studio Solution File, Format Version 12.00
# Visual Studio Version 17
VisualStudioVersion = 17.0.31903.59
MinimumVisualStudioVersion = 10.0.40219.1
Project("{2150E333-8FDC-42A3-9474-1A3956D46DE8}") = "src", "src", "{827E0CD3-B72D-47B6-A68D-7590B98EB39B}"
EndProject
Project("{FAE04EC0-301F-11D3-BF4B-00C04F79EFBC}") = "BioInsightsPortal.Api", "src\BioInsightsPortal.Api\BioInsightsPortal.Api.csproj", "{8692BF5F-C8B0-4DF1-A4E3-B25C108852E6}"
EndProject
Project("{FAE04EC0-301F-11D3-BF4B-00C04F79EFBC}") = "BioInsightsPortal.Web", "src\BioInsightsPortal.Web\BioInsightsPortal.Web.csproj", "{801F23EE-0BE9-40E7-B86A-3FEBC7F04489}"
EndProject
Project("{FAE04EC0-301F-11D3-BF4B-00C04F79EFBC}") = "BioInsightsPortal.Data", "src\BioInsightsPortal.Data\BioInsightsPortal.Data.csproj", "{C56F8E5B-0DA2-43C9-8E5C-45D5847F589E}"
EndProject
Project("{FAE04EC0-301F-11D3-BF4B-00C04F79EFBC}") = "BioInsightsPortal.Search", "src\BioInsightsPortal.Search\BioInsightsPortal.Search.csproj", "{7913175B-ED0A-46CC-ACB0-51424E6E5FED}"
EndProject
Project("{FAE04EC0-301F-11D3-BF4B-00C04F79EFBC}") = "BioInsightsPortal.Core", "src\BioInsightsPortal.Core\BioInsightsPortal.Core.csproj", "{BC746DEF-CA31-4907-ADC4-44CB4CEC8B3F}"
EndProject
Project("{FAE04EC0-301F-11D3-BF4B-00C04F79EFBC}") = "BioInsightsPortal.Services", "src\BioInsightsPortal.Services\BioInsightsPortal.Services.csproj", "{FD7C15EF-0576-4D2B-99E7-F6C9A087CD2A}"
EndProject
Project("{2150E333-8FDC-42A3-9474-1A3956D46DE8}") = "tests", "tests", "{0AB3BF05-4346-4AA6-1389-037BE0695223}"
EndProject
Project("{FAE04EC0-301F-11D3-BF4B-00C04F79EFBC}") = "BioInsightsPortal.Tests.Unit", "tests\BioInsightsPortal.Tests.Unit\BioInsightsPortal.Tests.Unit.csproj", "{9256FE34-C631-47E0-979E-E56C8CAC1C43}"
EndProject
Project("{FAE04EC0-301F-11D3-BF4B-00C04F79EFBC}") = "BioInsightsPortal.Tests.Integration", "tests\BioInsightsPortal.Tests.Integration\BioInsightsPortal.Tests.Integration.csproj", "{8C6F5791-DD67-4E4E-A8EB-5B1F6D3E56F3}"
EndProject
Project("{FAE04EC0-301F-11D3-BF4B-00C04F79EFBC}") = "BioInsightsPortal.Sync.Worker", "src\BioInsightsPortal.Sync.Worker\BioInsightsPortal.Sync.Worker.csproj", "{04B5C838-0CDF-4E65-B062-DAC9F5585FDB}"
EndProject
Global
	GlobalSection(SolutionConfigurationPlatforms) = preSolution
		Debug|Any CPU = Debug|Any CPU
		Debug|x64 = Debug|x64
		Debug|x86 = Debug|x86
		Release|Any CPU = Release|Any CPU
		Release|x64 = Release|x64
		Release|x86 = Release|x86
	EndGlobalSection
	GlobalSection(ProjectConfigurationPlatforms) = postSolution
		{8692BF5F-C8B0-4DF1-A4E3-B25C108852E6}.Debug|Any CPU.ActiveCfg = Debug|Any CPU
		{8692BF5F-C8B0-4DF1-A4E3-B25C108852E6}.Debug|Any CPU.Build.0 = Debug|Any CPU
		{8692BF5F-C8B0-4DF1-A4E3-B25C108852E6}.Debug|x64.ActiveCfg = Debug|Any CPU
		{8692BF5F-C8B0-4DF1-A4E3-B25C108852E6}.Debug|x64.Build.0 = Debug|Any CPU
		{8692BF5F-C8B0-4DF1-A4E3-B25C108852E6}.Debug|x86.ActiveCfg = Debug|Any CPU
		{8692BF5F-C8B0-4DF1-A4E3-B25C108852E6}.Debug|x86.Build.0 = Debug|Any CPU
		{8692BF5F-C8B0-4DF1-A4E3-B25C108852E6}.Release|Any CPU.ActiveCfg = Release|Any CPU
		{8692BF5F-C8B0-4DF1-A4E3-B25C108852E6}.Release|Any CPU.Build.0 = Release|Any CPU
		{8692BF5F-C8B0-4DF1-A4E3-B25C108852E6}.Release|x64.ActiveCfg = Release|Any CPU
		{8692BF5F-C8B0-4DF1-A4E3-B25C108852E6}.Release|x64.Build.0 = Release|Any CPU
		{8692BF5F-C8B0-4DF1-A4E3-B25C108852E6}.Release|x86.ActiveCfg = Release|Any CPU
		{8692BF5F-C8B0-4DF1-A4E3-B25C108852E6}.Release|x86.Build.0 = Release|Any CPU
		{801F23EE-0BE9-40E7-B86A-3FEBC7F04489}.Debug|Any CPU.ActiveCfg = Debug|Any CPU
		{801F23EE-0BE9-40E7-B86A-3FEBC7F04489}.Debug|Any CPU.Build.0 = Debug|Any CPU
		{801F23EE-0BE9-40E7-B86A-3FEBC7F04489}.Debug|x64.ActiveCfg = Debug|Any CPU
		{801F23EE-0BE9-40E7-B86A-3FEBC7F04489}.Debug|x64.Build.0 = Debug|Any CPU
		{801F23EE-0BE9-40E7-B86A-3FEBC7F04489}.Debug|x86.ActiveCfg = Debug|Any CPU
		{801F23EE-0BE9-40E7-B86A-3FEBC7F04489}.Debug|x86.Build.0 = Debug|Any CPU
		{801F23EE-0BE9-40E7-B86A-3FEBC7F04489}.Release|Any CPU.ActiveCfg = Release|Any CPU
		{801F23EE-0BE9-40E7-B86A-3FEBC7F04489}.Release|Any CPU.Build.0 = Release|Any CPU
		{801F23EE-0BE9-40E7-B86A-3FEBC7F04489}.Release|x64.ActiveCfg = Release|Any CPU
		{801F23EE-0BE9-40E7-B86A-3FEBC7F04489}.Release|x64.Build.0 = Release|Any CPU
		{801F23EE-0BE9-40E7-B86A-3FEBC7F04489}.Release|x86.ActiveCfg = Release|Any CPU
		{801F23EE-0BE9-40E7-B86A-3FEBC7F04489}.Release|x86.Build.0 = Release|Any CPU
		{C56F8E5B-0DA2-43C9-8E5C-45D5847F589E}.Debug|Any CPU.ActiveCfg = Debug|Any CPU
		{C56F8E5B-0DA2-43C9-8E5C-45D5847F589E}.Debug|Any CPU.Build.0 = Debug|Any CPU
		{C56F8E5B-0DA2-43C9-8E5C-45D5847F589E}.Debug|x64.ActiveCfg = Debug|Any CPU
		{C56F8E5B-0DA2-43C9-8E5C-45D5847F589E}.Debug|x64.Build.0 = Debug|Any CPU
		{C56F8E5B-0DA2-43C9-8E5C-45D5847F589E}.Debug|x86.ActiveCfg = Debug|Any CPU
		{C56F8E5B-0DA2-43C9-8E5C-45D5847F589E}.Debug|x86.Build.0 = Debug|Any CPU
		{C56F8E5B-0DA2-43C9-8E5C-45D5847F589E}.Release|Any CPU.ActiveCfg = Release|Any CPU
		{C56F8E5B-0DA2-43C9-8E5C-45D5847F589E}.Release|Any CPU.Build.0 = Release|Any CPU
		{C56F8E5B-0DA2-43C9-8E5C-45D5847F589E}.Release|x64.ActiveCfg = Release|Any CPU
		{C56F8E5B-0DA2-43C9-8E5C-45D5847F589E}.Release|x64.Build.0 = Release|Any CPU
		{C56F8E5B-0DA2-43C9-8E5C-45D5847F589E}.Release|x86.ActiveCfg = Release|Any CPU
		{C56F8E5B-0DA2-43C9-8E5C-45D5847F589E}.Release|x86.Build.0 = Release|Any CPU
		{7913175B-ED0A-46CC-ACB0-51424E6E5FED}.Debug|Any CPU.ActiveCfg = Debug|Any CPU
		{7913175B-ED0A-46CC-ACB0-51424E6E5FED}.Debug|Any CPU.Build.0 = Debug|Any CPU
		{7913175B-ED0A-46CC-ACB0-51424E6E5FED}.Debug|x64.ActiveCfg = Debug|Any CPU
		{7913175B-ED0A-46CC-ACB0-51424E6E5FED}.Debug|x64.Build.0 = Debug|Any CPU
		{7913175B-ED0A-46CC-ACB0-51424E6E5FED}.Debug|x86.ActiveCfg = Debug|Any CPU
		{7913175B-ED0A-46CC-ACB0-51424E6E5FED}.Debug|x86.Build.0 = Debug|Any CPU
		{7913175B-ED0A-46CC-ACB0-51424E6E5FED}.Release|Any CPU.ActiveCfg = Release|Any CPU
		{7913175B-ED0A-46CC-ACB0-51424E6E5FED}.Release|Any CPU.Build.0 = Release|Any CPU
		{7913175B-ED0A-46CC-ACB0-51424E6E5FED}.Release|x64.ActiveCfg = Release|Any CPU
		{7913175B-ED0A-46CC-ACB0-51424E6E5FED}.Release|x64.Build.0 = Release|Any CPU
		{7913175B-ED0A-46CC-ACB0-51424E6E5FED}.Release|x86.ActiveCfg = Release|Any CPU
		{7913175B-ED0A-46CC-ACB0-51424E6E5FED}.Release|x86.Build.0 = Release|Any CPU
		{BC746DEF-CA31-4907-ADC4-44CB4CEC8B3F}.Debug|Any CPU.ActiveCfg = Debug|Any CPU
		{BC746DEF-CA31-4907-ADC4-44CB4CEC8B3F}.Debug|Any CPU.Build.0 = Debug|Any CPU
		{BC746DEF-CA31-4907-ADC4-44CB4CEC8B3F}.Debug|x64.ActiveCfg = Debug|Any CPU
		{BC746DEF-CA31-4907-ADC4-44CB4CEC8B3F}.Debug|x64.Build.0 = Debug|Any CPU
		{BC746DEF-CA31-4907-ADC4-44CB4CEC8B3F}.Debug|x86.ActiveCfg = Debug|Any CPU
		{BC746DEF-CA31-4907-ADC4-44CB4CEC8B3F}.Debug|x86.Build.0 = Debug|Any CPU
		{BC746DEF-CA31-4907-ADC4-44CB4CEC8B3F}.Release|Any CPU.ActiveCfg = Release|Any CPU
		{BC746DEF-CA31-4907-ADC4-44CB4CEC8B3F}.Release|Any CPU.Build.0 = Release|Any CPU
		{BC746DEF-CA31-4907-ADC4-44CB4CEC8B3F}.Release|x64.ActiveCfg = Release|Any CPU
		{BC746DEF-CA31-4907-ADC4-44CB4CEC8B3F}.Release|x64.Build.0 = Release|Any CPU
		{BC746DEF-CA31-4907-ADC4-44CB4CEC8B3F}.Release|x86.ActiveCfg = Release|Any CPU
		{BC746DEF-CA31-4907-ADC4-44CB4CEC8B3F}.Release|x86.Build.0 = Release|Any CPU
		{FD7C15EF-0576-4D2B-99E7-F6C9A087CD2A}.Debug|Any CPU.ActiveCfg = Debug|Any CPU
		{FD7C15EF-0576-4D2B-99E7-F6C9A087CD2A}.Debug|Any CPU.Build.0 = Debug|Any CPU
		{FD7C15EF-0576-4D2B-99E7-F6C9A087CD2A}.Debug|x64.ActiveCfg = Debug|Any CPU
		{FD7C15EF-0576-4D2B-99E7-F6C9A087CD2A}.Debug|x64.Build.0 = Debug|Any CPU
		{FD7C15EF-0576-4D2B-99E7-F6C9A087CD2A}.Debug|x86.ActiveCfg = Debug|Any CPU
		{FD7C15EF-0576-4D2B-99E7-F6C9A087CD2A}.Debug|x86.Build.0 = Debug|Any CPU
		{FD7C15EF-0576-4D2B-99E7-F6C9A087CD2A}.Release|Any CPU.ActiveCfg = Release|Any CPU
		{FD7C15EF-0576-4D2B-99E7-F6C9A087CD2A}.Release|Any CPU.Build.0 = Release|Any CPU
		{FD7C15EF-0576-4D2B-99E7-F6C9A087CD2A}.Release|x64.ActiveCfg = Release|Any CPU
		{FD7C15EF-0576-4D2B-99E7-F6C9A087CD2A}.Release|x64.Build.0 = Release|Any CPU
		{FD7C15EF-0576-4D2B-99E7-F6C9A087CD2A}.Release|x86.ActiveCfg = Release|Any CPU
		{FD7C15EF-0576-4D2B-99E7-F6C9A087CD2A}.Release|x86.Build.0 = Release|Any CPU
		{9256FE34-C631-47E0-979E-E56C8CAC1C43}.Debug|Any CPU.ActiveCfg = Debug|Any CPU
		{9256FE34-C631-47E0-979E-E56C8CAC1C43}.Debug|Any CPU.Build.0 = Debug|Any CPU
		{9256FE34-C631-47E0-979E-E56C8CAC1C43}.Debug|x64.ActiveCfg = Debug|Any CPU
		{9256FE34-C631-47E0-979E-E56C8CAC1C43}.Debug|x64.Build.0 = Debug|Any CPU
		{9256FE34-C631-47E0-979E-E56C8CAC1C43}.Debug|x86.ActiveCfg = Debug|Any CPU
		{9256FE34-C631-47E0-979E-E56C8CAC1C43}.Debug|x86.Build.0 = Debug|Any CPU
		{9256FE34-C631-47E0-979E-E56C8CAC1C43}.Release|Any CPU.ActiveCfg = Release|Any CPU
		{9256FE34-C631-47E0-979E-E56C8CAC1C43}.Release|Any CPU.Build.0 = Release|Any CPU
		{9256FE34-C631-47E0-979E-E56C8CAC1C43}.Release|x64.ActiveCfg = Release|Any CPU
		{9256FE34-C631-47E0-979E-E56C8CAC1C43}.Release|x64.Build.0 = Release|Any CPU
		{9256FE34-C631-47E0-979E-E56C8CAC1C43}.Release|x86.ActiveCfg = Release|Any CPU
		{9256FE34-C631-47E0-979E-E56C8CAC1C43}.Release|x86.Build.0 = Release|Any CPU
		{8C6F5791-DD67-4E4E-A8EB-5B1F6D3E56F3}.Debug|Any CPU.ActiveCfg = Debug|Any CPU
		{8C6F5791-DD67-4E4E-A8EB-5B1F6D3E56F3}.Debug|Any CPU.Build.0 = Debug|Any CPU
		{8C6F5791-DD67-4E4E-A8EB-5B1F6D3E56F3}.Debug|x64.ActiveCfg = Debug|Any CPU
		{8C6F5791-DD67-4E4E-A8EB-5B1F6D3E56F3}.Debug|x64.Build.0 = Debug|Any CPU
		{8C6F5791-DD67-4E4E-A8EB-5B1F6D3E56F3}.Debug|x86.ActiveCfg = Debug|Any CPU
		{8C6F5791-DD67-4E4E-A8EB-5B1F6D3E56F3}.Debug|x86.Build.0 = Debug|Any CPU
		{8C6F5791-DD67-4E4E-A8EB-5B1F6D3E56F3}.Release|Any CPU.ActiveCfg = Release|Any CPU
		{8C6F5791-DD67-4E4E-A8EB-5B1F6D3E56F3}.Release|Any CPU.Build.0 = Release|Any CPU
		{8C6F5791-DD67-4E4E-A8EB-5B1F6D3E56F3}.Release|x64.ActiveCfg = Release|Any CPU
		{8C6F5791-DD67-4E4E-A8EB-5B1F6D3E56F3}.Release|x64.Build.0 = Release|Any CPU
		{8C6F5791-DD67-4E4E-A8EB-5B1F6D3E56F3}.Release|x86.ActiveCfg = Release|Any CPU
		{8C6F5791-DD67-4E4E-A8EB-5B1F6D3E56F3}.Release|x86.Build.0 = Release|Any CPU
		{04B5C838-0CDF-4E65-B062-DAC9F5585FDB}.Debug|Any CPU.ActiveCfg = Debug|Any CPU
		{04B5C838-0CDF-4E65-B062-DAC9F5585FDB}.Debug|x64.ActiveCfg = Debug|Any CPU
		{04B5C838-0CDF-4E65-B062-DAC9F5585FDB}.Debug|x64.Build.0 = Debug|Any CPU
		{04B5C838-0CDF-4E65-B062-DAC9F5585FDB}.Debug|x86.ActiveCfg = Debug|Any CPU
		{04B5C838-0CDF-4E65-B062-DAC9F5585FDB}.Debug|x86.Build.0 = Debug|Any CPU
		{04B5C838-0CDF-4E65-B062-DAC9F5585FDB}.Release|Any CPU.ActiveCfg = Release|Any CPU
		{04B5C838-0CDF-4E65-B062-DAC9F5585FDB}.Release|Any CPU.Build.0 = Release|Any CPU
		{04B5C838-0CDF-4E65-B062-DAC9F5585FDB}.Release|x64.ActiveCfg = Release|Any CPU
		{04B5C838-0CDF-4E65-B062-DAC9F5585FDB}.Release|x64.Build.0 = Release|Any CPU
		{04B5C838-0CDF-4E65-B062-DAC9F5585FDB}.Release|x86.ActiveCfg = Release|Any CPU
		{04B5C838-0CDF-4E65-B062-DAC9F5585FDB}.Release|x86.Build.0 = Release|Any CPU
	EndGlobalSection
	GlobalSection(SolutionProperties) = preSolution
		HideSolutionNode = FALSE
	EndGlobalSection
	GlobalSection(NestedProjects) = preSolution
		{8692BF5F-C8B0-4DF1-A4E3-B25C108852E6} = {827E0CD3-B72D-47B6-A68D-7590B98EB39B}
		{801F23EE-0BE9-40E7-B86A-3FEBC7F04489} = {827E0CD3-B72D-47B6-A68D-7590B98EB39B}
		{C56F8E5B-0DA2-43C9-8E5C-45D5847F589E} = {827E0CD3-B72D-47B6-A68D-7590B98EB39B}
		{7913175B-ED0A-46CC-ACB0-51424E6E5FED} = {827E0CD3-B72D-47B6-A68D-7590B98EB39B}
		{BC746DEF-CA31-4907-ADC4-44CB4CEC8B3F} = {827E0CD3-B72D-47B6-A68D-7590B98EB39B}
		{FD7C15EF-0576-4D2B-99E7-F6C9A087CD2A} = {827E0CD3-B72D-47B6-A68D-7590B98EB39B}
		{9256FE34-C631-47E0-979E-E56C8CAC1C43} = {0AB3BF05-4346-4AA6-1389-037BE0695223}
		{8C6F5791-DD67-4E4E-A8EB-5B1F6D3E56F3} = {0AB3BF05-4346-4AA6-1389-037BE0695223}
		{04B5C838-0CDF-4E65-B062-DAC9F5585FDB} = {827E0CD3-B72D-47B6-A68D-7590B98EB39B}
	EndGlobalSection
EndGlobal
